
Microsoft Visual Studio Solution File, Format Version 12.00
# Visual Studio Version 17
VisualStudioVersion = 17.0.32126.317
MinimumVisualStudioVersion = 10.0.40219.1
Project("{FAE04EC0-301F-11D3-BF4B-00C04F79EFBC}") = "PizzaHQ", "PizzaHQ\PizzaHQ.csproj", "{AC3B8DE6-4842-4865-950D-F547C3982C39}"
EndProject
Global
	GlobalSection(SolutionConfigurationPlatforms) = preSolution
		Debug|Any CPU = Debug|Any CPU
		Release|Any CPU = Release|Any CPU
	EndGlobalSection
	GlobalSection(ProjectConfigurationPlatforms) = postSolution
		{AC3B8DE6-4842-4865-950D-F547C3982C39}.Debug|Any CPU.ActiveCfg = Debug|Any CPU
		{AC3B8DE6-4842-4865-950D-F547C3982C39}.Debug|Any CPU.Build.0 = Debug|Any CPU
		{AC3B8DE6-4842-4865-950D-F547C3982C39}.Release|Any CPU.ActiveCfg = Release|Any CPU
		{AC3B8DE6-4842-4865-950D-F547C3982C39}.Release|Any CPU.Build.0 = Release|Any CPU
	EndGlobalSection
	GlobalSection(SolutionProperties) = preSolution
		HideSolutionNode = FALSE
	EndGlobalSection
	GlobalSection(ExtensibilityGlobals) = postSolution
		SolutionGuid = {E750CCD1-1914-41CC-B1CC-8387EA3080C9}
	EndGlobalSection
EndGlobal
